<?xml version="1.0" encoding="utf-8"?>
<Project ToolsVersion="16.0" xmlns="http://schemas.microsoft.com/developer/msbuild/2003">
  <ItemGroup>
    <ClCompile Include="code\cg-utility\Profiler.cpp">
      <Filter>code\cg-utility</Filter>
    </ClCompile>
    <ClCompile Include="code\cg-utility\Random.cpp">
      <Filter>code\cg-utility</Filter>
    </ClCompile>
    <ClCompile Include="code\cg-utility\Vec2Helper.cpp">
      <Filter>code\cg-utility</Filter>
    </ClCompile>
    <ClCompile Include="CodingameUtility_PCH.cpp" />
  </ItemGroup>
  <ItemGroup>
    <ClInclude Include="code\cg-utility\BotFirstInclude.h">
      <Filter>code\cg-utility</Filter>
    </ClInclude>
    <ClInclude Include="code\cg-utility\ContainerHelper.h">
      <Filter>code\cg-utility</Filter>
    </ClInclude>
    <ClInclude Include="code\cg-utility\Profiler.h">
      <Filter>code\cg-utility</Filter>
    </ClInclude>
    <ClInclude Include="code\cg-utility\Random.h">
      <Filter>code\cg-utility</Filter>
    </ClInclude>
    <ClInclude Include="code\cg-utility\StaticGrid2D.h">
      <Filter>code\cg-utility</Filter>
    </ClInclude>
    <ClInclude Include="code\cg-utility\StaticVector.h">
      <Filter>code\cg-utility</Filter>
    </ClInclude>
    <ClInclude Include="code\cg-utility\Vec2.h">
      <Filter>code\cg-utility</Filter>
    </ClInclude>
    <ClInclude Include="code\cg-utility\Vec2Helper.h">
      <Filter>code\cg-utility</Filter>
    </ClInclude>
    <ClInclude Include="CodingameUtility_PCH.h" />
  </ItemGroup>
  <ItemGroup>
    <Filter Include="code">
      <UniqueIdentifier>{946733c1-5d5d-914c-047b-3b50234aa7ab}</UniqueIdentifier>
    </Filter>
    <Filter Include="code\cg-utility">
      <UniqueIdentifier>{0048038a-13da-ae29-43e1-6ac827995305}</UniqueIdentifier>
    </Filter>
  </ItemGroup>
</Project>